
Microsoft Visual Studio Solution File, Format Version 12.00
# Visual Studio Version 16
VisualStudioVersion = 16.0.32002.261
MinimumVisualStudioVersion = 10.0.40219.1
Project("{FAE04EC0-301F-11D3-BF4B-00C04F79EFBC}") = "AdoNetDemo", "AdoNetDemo.csproj", "{EDAD32B0-70B4-491E-8F68-57009D4104DA}"
EndProject
Global
	GlobalSection(SolutionConfigurationPlatforms) = preSolution
		Debug|Any CPU = Debug|Any CPU
		Release|Any CPU = Release|Any CPU
	EndGlobalSection
	GlobalSection(ProjectConfigurationPlatforms) = postSolution
		{EDAD32B0-70B4-491E-8F68-57009D4104DA}.Debug|Any CPU.ActiveCfg = Debug|Any CPU
		{EDAD32B0-70B4-491E-8F68-57009D4104DA}.Debug|Any CPU.Build.0 = Debug|Any CPU
		{EDAD32B0-70B4-491E-8F68-57009D4104DA}.Release|Any CPU.ActiveCfg = Release|Any CPU
		{EDAD32B0-70B4-491E-8F68-57009D4104DA}.Release|Any CPU.Build.0 = Release|Any CPU
	EndGlobalSection
	GlobalSection(SolutionProperties) = preSolution
		HideSolutionNode = FALSE
	EndGlobalSection
	GlobalSection(ExtensibilityGlobals) = postSolution
		SolutionGuid = {1B0315E4-A699-48EC-8D2C-99D790232488}
	EndGlobalSection
EndGlobal
